
Microsoft Visual Studio Solution File, Format Version 12.00
# Visual Studio Version 17
VisualStudioVersion = 17.3.32819.101
MinimumVisualStudioVersion = 10.0.40219.1
Project("{FAE04EC0-301F-11D3-BF4B-00C04F79EFBC}") = "SwapiChuckApi", "SwapiChuckApi\SwapiChuckApi.csproj", "{EDEB234E-7D57-4118-8E7C-51E390F55E3E}"
EndProject
Global
	GlobalSection(SolutionConfigurationPlatforms) = preSolution
		Debug|Any CPU = Debug|Any CPU
		Release|Any CPU = Release|Any CPU
	EndGlobalSection
	GlobalSection(ProjectConfigurationPlatforms) = postSolution
		{EDEB234E-7D57-4118-8E7C-51E390F55E3E}.Debug|Any CPU.ActiveCfg = Debug|Any CPU
		{EDEB234E-7D57-4118-8E7C-51E390F55E3E}.Debug|Any CPU.Build.0 = Debug|Any CPU
		{EDEB234E-7D57-4118-8E7C-51E390F55E3E}.Release|Any CPU.ActiveCfg = Release|Any CPU
		{EDEB234E-7D57-4118-8E7C-51E390F55E3E}.Release|Any CPU.Build.0 = Release|Any CPU
	EndGlobalSection
	GlobalSection(SolutionProperties) = preSolution
		HideSolutionNode = FALSE
	EndGlobalSection
	GlobalSection(ExtensibilityGlobals) = postSolution
		SolutionGuid = {A1EF8CE0-4CC2-409B-B1EF-DF510F5D1A93}
	EndGlobalSection
EndGlobal
